{
  "name": "@pensive/backend",
  "version": "0.1.0",
  "lockfileVersion": 3,
  "requires": true,
  "packages": {
    "": {
      "name": "@pensive/backend",
      "version": "0.1.0",
      "dependencies": {
        "@pensive/common": "file:../common"
      },
      "devDependencies": {}
    },
    "../common": {
      "name": "@pensive/common",
      "version": "0.1.0",
      "dependencies": {
        "uuid": "^11.1.0"
      },
      "devDependencies": {
        "@types/node": "^22.15.14",
        "@types/uuid": "^10.0.0",
        "typescript": "^5.0.0"
      }
    },
    "node_modules/@pensive/common": {
      "resolved": "../common",
      "link": true
    }
  }
}
